
Microsoft Visual Studio Solution File, Format Version 12.00
# Visual Studio 14
VisualStudioVersion = 14.0.25420.1
MinimumVisualStudioVersion = 10.0.40219.1
Project("{FAE04EC0-301F-11D3-BF4B-00C04F79EFBC}") = "EnsightenGTMConverter", "EnsightenGTMConverter\EnsightenGTMConverter.csproj", "{FF70C665-D624-4267-8E11-3653536B468E}"
EndProject
Global
	GlobalSection(SolutionConfigurationPlatforms) = preSolution
		Debug|Any CPU = Debug|Any CPU
		Release|Any CPU = Release|Any CPU
	EndGlobalSection
	GlobalSection(ProjectConfigurationPlatforms) = postSolution
		{FF70C665-D624-4267-8E11-3653536B468E}.Debug|Any CPU.ActiveCfg = Debug|Any CPU
		{FF70C665-D624-4267-8E11-3653536B468E}.Debug|Any CPU.Build.0 = Debug|Any CPU
		{FF70C665-D624-4267-8E11-3653536B468E}.Release|Any CPU.ActiveCfg = Release|Any CPU
		{FF70C665-D624-4267-8E11-3653536B468E}.Release|Any CPU.Build.0 = Release|Any CPU
	EndGlobalSection
	GlobalSection(SolutionProperties) = preSolution
		HideSolutionNode = FALSE
	EndGlobalSection
EndGlobal
